
Microsoft Visual Studio Solution File, Format Version 12.00
# Visual Studio Version 17
VisualStudioVersion = 17.8.34322.80
MinimumVisualStudioVersion = 10.0.40219.1
Project("{9A19103F-16F7-4668-BE54-9A1E7A4F7556}") = "MauiApp1", "MauiApp1\MauiApp1.csproj", "{9599B180-D9CB-488D-8E6B-0C97A9AC053F}"
EndProject
Global
	GlobalSection(SolutionConfigurationPlatforms) = preSolution
		Debug|Any CPU = Debug|Any CPU
		Release|Any CPU = Release|Any CPU
		Release-Xml|Any CPU = Release-Xml|Any CPU
	EndGlobalSection
	GlobalSection(ProjectConfigurationPlatforms) = postSolution
		{9599B180-D9CB-488D-8E6B-0C97A9AC053F}.Debug|Any CPU.ActiveCfg = Debug|Any CPU
		{9599B180-D9CB-488D-8E6B-0C97A9AC053F}.Debug|Any CPU.Build.0 = Debug|Any CPU
		{9599B180-D9CB-488D-8E6B-0C97A9AC053F}.Debug|Any CPU.Deploy.0 = Debug|Any CPU
		{9599B180-D9CB-488D-8E6B-0C97A9AC053F}.Release|Any CPU.ActiveCfg = Release|Any CPU
		{9599B180-D9CB-488D-8E6B-0C97A9AC053F}.Release|Any CPU.Build.0 = Release|Any CPU
		{9599B180-D9CB-488D-8E6B-0C97A9AC053F}.Release|Any CPU.Deploy.0 = Release|Any CPU
		{9599B180-D9CB-488D-8E6B-0C97A9AC053F}.Release-Xml|Any CPU.ActiveCfg = Release|Any CPU
		{9599B180-D9CB-488D-8E6B-0C97A9AC053F}.Release-Xml|Any CPU.Build.0 = Release|Any CPU
		{9599B180-D9CB-488D-8E6B-0C97A9AC053F}.Release-Xml|Any CPU.Deploy.0 = Release|Any CPU
	EndGlobalSection
	GlobalSection(SolutionProperties) = preSolution
		HideSolutionNode = FALSE
	EndGlobalSection
	GlobalSection(ExtensibilityGlobals) = postSolution
		SolutionGuid = {3E03DD65-5DB7-45ED-8C16-E83A23AD30B9}
	EndGlobalSection
EndGlobal
